
Microsoft Visual Studio Solution File, Format Version 12.00
# Visual Studio Version 16
VisualStudioVersion = 16.0.30804.86
MinimumVisualStudioVersion = 10.0.40219.1
Project("{159641D6-6404-4A2A-AE62-294DE0FE8301}") = "Group99_ETL", "Group99_SA_ETL\Group99_ETL.dtproj", "{A78C4CED-E31E-43A9-A7D9-5B80B9B26B42}"
EndProject
Global
	GlobalSection(SolutionConfigurationPlatforms) = preSolution
		Development|Default = Development|Default
	EndGlobalSection
	GlobalSection(ProjectConfigurationPlatforms) = postSolution
		{A78C4CED-E31E-43A9-A7D9-5B80B9B26B42}.Development|Default.ActiveCfg = Development
		{A78C4CED-E31E-43A9-A7D9-5B80B9B26B42}.Development|Default.Build.0 = Development
	EndGlobalSection
	GlobalSection(SolutionProperties) = preSolution
		HideSolutionNode = FALSE
	EndGlobalSection
	GlobalSection(ExtensibilityGlobals) = postSolution
		SolutionGuid = {CAA953E1-1397-4144-BDCF-8D01F50F85E2}
	EndGlobalSection
EndGlobal
